// !$*UTF8*$!
{
	archiveVersion = 1;
	classes = {
	};
	objectVersion = 46;
	objects = {

/* Begin PBXBuildFile section */
		2032CF031BC55BFF00A7B9F8 /* AlbumService.swift in Sources */ = {isa = PBXBuildFile; fileRef = 2032CF021BC55BFF00A7B9F8 /* AlbumService.swift */; settings = {ASSET_TAGS = (); }; };
		98E77365F45754BE5D63EF55 /* libPods-SecretAlbum.a in Frameworks */ = {isa = PBXBuildFile; fileRef = 1D489259DD4198617187136C /* libPods-SecretAlbum.a */; };
		D94926F41BC52A4D00814799 /* AppDelegate.swift in Sources */ = {isa = PBXBuildFile; fileRef = D94926F31BC52A4D00814799 /* AppDelegate.swift */; };
		D94926F91BC52A4D00814799 /* Main.storyboard in Resources */ = {isa = PBXBuildFile; fileRef = D94926F71BC52A4D00814799 /* Main.storyboard */; };
		D94926FB1BC52A4D00814799 /* Assets.xcassets in Resources */ = {isa = PBXBuildFile; fileRef = D94926FA1BC52A4D00814799 /* Assets.xcassets */; };
		D94926FE1BC52A4D00814799 /* LaunchScreen.storyboard in Resources */ = {isa = PBXBuildFile; fileRef = D94926FC1BC52A4D00814799 /* LaunchScreen.storyboard */; };
		D94927071BC52BD300814799 /* AlbumListCell.swift in Sources */ = {isa = PBXBuildFile; fileRef = D94927061BC52BD300814799 /* AlbumListCell.swift */; settings = {ASSET_TAGS = (); }; };
		D949270A1BC52C0400814799 /* AlbumListVC.swift in Sources */ = {isa = PBXBuildFile; fileRef = D94927091BC52C0400814799 /* AlbumListVC.swift */; settings = {ASSET_TAGS = (); }; };
		D949270E1BC52C9900814799 /* Album.swift in Sources */ = {isa = PBXBuildFile; fileRef = D949270D1BC52C9900814799 /* Album.swift */; settings = {ASSET_TAGS = (); }; };
		D94927111BC52DB000814799 /* Util.swift in Sources */ = {isa = PBXBuildFile; fileRef = D94927101BC52DB000814799 /* Util.swift */; settings = {ASSET_TAGS = (); }; };
		D94927131BC52EA900814799 /* AlbumDetailVC.swift in Sources */ = {isa = PBXBuildFile; fileRef = D94927121BC52EA900814799 /* AlbumDetailVC.swift */; settings = {ASSET_TAGS = (); }; };
		D94927151BC52EC600814799 /* AlbumDetailCell.swift in Sources */ = {isa = PBXBuildFile; fileRef = D94927141BC52EC600814799 /* AlbumDetailCell.swift */; settings = {ASSET_TAGS = (); }; };
		D94927171BC52F5900814799 /* Photo.swift in Sources */ = {isa = PBXBuildFile; fileRef = D94927161BC52F5900814799 /* Photo.swift */; settings = {ASSET_TAGS = (); }; };
		D94927191BC5300E00814799 /* jtdg8i1ferja5nksiauj_400x400.jpeg in Resources */ = {isa = PBXBuildFile; fileRef = D94927181BC5300D00814799 /* jtdg8i1ferja5nksiauj_400x400.jpeg */; settings = {ASSET_TAGS = (); }; };
		D949271B1BC531EF00814799 /* SettingVC.swift in Sources */ = {isa = PBXBuildFile; fileRef = D949271A1BC531EF00814799 /* SettingVC.swift */; settings = {ASSET_TAGS = (); }; };
/* End PBXBuildFile section */

/* Begin PBXFileReference section */
		11B4F64C0D4A5B47EC2F9423 /* Pods-SecretAlbum.release.xcconfig */ = {isa = PBXFileReference; includeInIndex = 1; lastKnownFileType = text.xcconfig; name = "Pods-SecretAlbum.release.xcconfig"; path = "Pods/Target Support Files/Pods-SecretAlbum/Pods-SecretAlbum.release.xcconfig"; sourceTree = "<group>"; };
		1D489259DD4198617187136C /* libPods-SecretAlbum.a */ = {isa = PBXFileReference; explicitFileType = archive.ar; includeInIndex = 0; path = "libPods-SecretAlbum.a"; sourceTree = BUILT_PRODUCTS_DIR; };
		2032CEFE1BC559B300A7B9F8 /* SecretAlbum-Bridging-Header.h */ = {isa = PBXFileReference; lastKnownFileType = sourcecode.c.h; path = "SecretAlbum-Bridging-Header.h"; sourceTree = "<group>"; };
		2032CF021BC55BFF00A7B9F8 /* AlbumService.swift */ = {isa = PBXFileReference; fileEncoding = 4; lastKnownFileType = sourcecode.swift; path = AlbumService.swift; sourceTree = "<group>"; };
		75CA7A82C0E0B9CCDA55A0C8 /* Pods-SecretAlbum.debug.xcconfig */ = {isa = PBXFileReference; includeInIndex = 1; lastKnownFileType = text.xcconfig; name = "Pods-SecretAlbum.debug.xcconfig"; path = "Pods/Target Support Files/Pods-SecretAlbum/Pods-SecretAlbum.debug.xcconfig"; sourceTree = "<group>"; };
		D94926F01BC52A4D00814799 /* SecretAlbum.app */ = {isa = PBXFileReference; explicitFileType = wrapper.application; includeInIndex = 0; path = SecretAlbum.app; sourceTree = BUILT_PRODUCTS_DIR; };
		D94926F31BC52A4D00814799 /* AppDelegate.swift */ = {isa = PBXFileReference; lastKnownFileType = sourcecode.swift; path = AppDelegate.swift; sourceTree = "<group>"; };
		D94926F81BC52A4D00814799 /* Base */ = {isa = PBXFileReference; lastKnownFileType = file.storyboard; name = Base; path = Base.lproj/Main.storyboard; sourceTree = "<group>"; };
		D94926FA1BC52A4D00814799 /* Assets.xcassets */ = {isa = PBXFileReference; lastKnownFileType = folder.assetcatalog; path = Assets.xcassets; sourceTree = "<group>"; };
		D94926FD1BC52A4D00814799 /* Base */ = {isa = PBXFileReference; lastKnownFileType = file.storyboard; name = Base; path = Base.lproj/LaunchScreen.storyboard; sourceTree = "<group>"; };
		D94926FF1BC52A4D00814799 /* Info.plist */ = {isa = PBXFileReference; lastKnownFileType = text.plist.xml; path = Info.plist; sourceTree = "<group>"; };
		D94927061BC52BD300814799 /* AlbumListCell.swift */ = {isa = PBXFileReference; fileEncoding = 4; lastKnownFileType = sourcecode.swift; path = AlbumListCell.swift; sourceTree = "<group>"; };
		D94927091BC52C0400814799 /* AlbumListVC.swift */ = {isa = PBXFileReference; fileEncoding = 4; lastKnownFileType = sourcecode.swift; path = AlbumListVC.swift; sourceTree = "<group>"; };
		D949270D1BC52C9900814799 /* Album.swift */ = {isa = PBXFileReference; fileEncoding = 4; lastKnownFileType = sourcecode.swift; path = Album.swift; sourceTree = "<group>"; };
		D94927101BC52DB000814799 /* Util.swift */ = {isa = PBXFileReference; fileEncoding = 4; lastKnownFileType = sourcecode.swift; path = Util.swift; sourceTree = "<group>"; };
		D94927121BC52EA900814799 /* AlbumDetailVC.swift */ = {isa = PBXFileReference; fileEncoding = 4; lastKnownFileType = sourcecode.swift; path = AlbumDetailVC.swift; sourceTree = "<group>"; };
		D94927141BC52EC600814799 /* AlbumDetailCell.swift */ = {isa = PBXFileReference; fileEncoding = 4; lastKnownFileType = sourcecode.swift; path = AlbumDetailCell.swift; sourceTree = "<group>"; };
		D94927161BC52F5900814799 /* Photo.swift */ = {isa = PBXFileReference; fileEncoding = 4; lastKnownFileType = sourcecode.swift; path = Photo.swift; sourceTree = "<group>"; };
		D94927181BC5300D00814799 /* jtdg8i1ferja5nksiauj_400x400.jpeg */ = {isa = PBXFileReference; lastKnownFileType = image.jpeg; path = jtdg8i1ferja5nksiauj_400x400.jpeg; sourceTree = "<group>"; };
		D949271A1BC531EF00814799 /* SettingVC.swift */ = {isa = PBXFileReference; fileEncoding = 4; lastKnownFileType = sourcecode.swift; path = SettingVC.swift; sourceTree = "<group>"; };
/* End PBXFileReference section */

/* Begin PBXFrameworksBuildPhase section */
		D94926ED1BC52A4D00814799 /* Frameworks */ = {
			isa = PBXFrameworksBuildPhase;
			buildActionMask = 2147483647;
			files = (
				98E77365F45754BE5D63EF55 /* libPods-SecretAlbum.a in Frameworks */,
			);
			runOnlyForDeploymentPostprocessing = 0;
		};
/* End PBXFrameworksBuildPhase section */

/* Begin PBXGroup section */
		2032CF011BC55BEC00A7B9F8 /* Service */ = {
			isa = PBXGroup;
			children = (
				2032CF021BC55BFF00A7B9F8 /* AlbumService.swift */,
			);
			name = Service;
			sourceTree = "<group>";
		};
		37C25C763EC004B1560272CF /* Pods */ = {
			isa = PBXGroup;
			children = (
				75CA7A82C0E0B9CCDA55A0C8 /* Pods-SecretAlbum.debug.xcconfig */,
				11B4F64C0D4A5B47EC2F9423 /* Pods-SecretAlbum.release.xcconfig */,
			);
			name = Pods;
			sourceTree = "<group>";
		};
		D94926E71BC52A4D00814799 = {
			isa = PBXGroup;
			children = (
				D94926F21BC52A4D00814799 /* SecretAlbum */,
				D94926F11BC52A4D00814799 /* Products */,
				37C25C763EC004B1560272CF /* Pods */,
				EE430D2E1B6D8ADF5CCCD71A /* Frameworks */,
			);
			sourceTree = "<group>";
		};
		D94926F11BC52A4D00814799 /* Products */ = {
			isa = PBXGroup;
			children = (
				D94926F01BC52A4D00814799 /* SecretAlbum.app */,
			);
			name = Products;
			sourceTree = "<group>";
		};
		D94926F21BC52A4D00814799 /* SecretAlbum */ = {
			isa = PBXGroup;
			children = (
				D949270F1BC52DA800814799 /* Library */,
				D949270B1BC52C8800814799 /* Model */,
				D94927081BC52BED00814799 /* Controller */,
				D94927051BC52BC100814799 /* View */,
				D94926F31BC52A4D00814799 /* AppDelegate.swift */,
				D94926F71BC52A4D00814799 /* Main.storyboard */,
				D94926FA1BC52A4D00814799 /* Assets.xcassets */,
				D94927181BC5300D00814799 /* jtdg8i1ferja5nksiauj_400x400.jpeg */,
				D94926FC1BC52A4D00814799 /* LaunchScreen.storyboard */,
				D94926FF1BC52A4D00814799 /* Info.plist */,
				2032CEFE1BC559B300A7B9F8 /* SecretAlbum-Bridging-Header.h */,
			);
			path = SecretAlbum;
			sourceTree = "<group>";
		};
		D94927051BC52BC100814799 /* View */ = {
			isa = PBXGroup;
			children = (
				D94927061BC52BD300814799 /* AlbumListCell.swift */,
				D94927141BC52EC600814799 /* AlbumDetailCell.swift */,
			);
			name = View;
			sourceTree = "<group>";
		};
		D94927081BC52BED00814799 /* Controller */ = {
			isa = PBXGroup;
			children = (
				D94927091BC52C0400814799 /* AlbumListVC.swift */,
				D94927121BC52EA900814799 /* AlbumDetailVC.swift */,
				D949271A1BC531EF00814799 /* SettingVC.swift */,
			);
			name = Controller;
			sourceTree = "<group>";
		};
		D949270B1BC52C8800814799 /* Model */ = {
			isa = PBXGroup;
			children = (
				2032CF011BC55BEC00A7B9F8 /* Service */,
				D949270C1BC52C8D00814799 /* Entity */,
			);
			name = Model;
			sourceTree = "<group>";
		};
		D949270C1BC52C8D00814799 /* Entity */ = {
			isa = PBXGroup;
			children = (
				D949270D1BC52C9900814799 /* Album.swift */,
				D94927161BC52F5900814799 /* Photo.swift */,
			);
			name = Entity;
			sourceTree = "<group>";
		};
		D949270F1BC52DA800814799 /* Library */ = {
			isa = PBXGroup;
			children = (
				D94927101BC52DB000814799 /* Util.swift */,
			);
			name = Library;
			sourceTree = "<group>";
		};
		EE430D2E1B6D8ADF5CCCD71A /* Frameworks */ = {
			isa = PBXGroup;
			children = (
				1D489259DD4198617187136C /* libPods-SecretAlbum.a */,
			);
			name = Frameworks;
			sourceTree = "<group>";
		};
/* End PBXGroup section */

/* Begin PBXNativeTarget section */
		D94926EF1BC52A4D00814799 /* SecretAlbum */ = {
			isa = PBXNativeTarget;
			buildConfigurationList = D94927021BC52A4D00814799 /* Build configuration list for PBXNativeTarget "SecretAlbum" */;
			buildPhases = (
				4AFCF8681AB90C63469CAD46 /* Check Pods Manifest.lock */,
				D94926EC1BC52A4D00814799 /* Sources */,
				D94926ED1BC52A4D00814799 /* Frameworks */,
				D94926EE1BC52A4D00814799 /* Resources */,
				8CE68A726FC7C96A975CA402 /* Copy Pods Resources */,
			);
			buildRules = (
			);
			dependencies = (
			);
			name = SecretAlbum;
			productName = SecretAlbum;
			productReference = D94926F01BC52A4D00814799 /* SecretAlbum.app */;
			productType = "com.apple.product-type.application";
		};
/* End PBXNativeTarget section */

/* Begin PBXProject section */
		D94926E81BC52A4D00814799 /* Project object */ = {
			isa = PBXProject;
			attributes = {
				LastSwiftUpdateCheck = 0700;
				LastUpgradeCheck = 0700;
				ORGANIZATIONNAME = "Ryosuke Hiramatsu";
				TargetAttributes = {
					D94926EF1BC52A4D00814799 = {
						CreatedOnToolsVersion = 7.0;
					};
				};
			};
			buildConfigurationList = D94926EB1BC52A4D00814799 /* Build configuration list for PBXProject "SecretAlbum" */;
			compatibilityVersion = "Xcode 3.2";
			developmentRegion = English;
			hasScannedForEncodings = 0;
			knownRegions = (
				en,
				Base,
			);
			mainGroup = D94926E71BC52A4D00814799;
			productRefGroup = D94926F11BC52A4D00814799 /* Products */;
			projectDirPath = "";
			projectRoot = "";
			targets = (
				D94926EF1BC52A4D00814799 /* SecretAlbum */,
			);
		};
/* End PBXProject section */

/* Begin PBXResourcesBuildPhase section */
		D94926EE1BC52A4D00814799 /* Resources */ = {
			isa = PBXResourcesBuildPhase;
			buildActionMask = 2147483647;
			files = (
				D94926FE1BC52A4D00814799 /* LaunchScreen.storyboard in Resources */,
				D94926FB1BC52A4D00814799 /* Assets.xcassets in Resources */,
				D94926F91BC52A4D00814799 /* Main.storyboard in Resources */,
				D94927191BC5300E00814799 /* jtdg8i1ferja5nksiauj_400x400.jpeg in Resources */,
			);
			runOnlyForDeploymentPostprocessing = 0;
		};
/* End PBXResourcesBuildPhase section */

/* Begin PBXShellScriptBuildPhase section */
		4AFCF8681AB90C63469CAD46 /* Check Pods Manifest.lock */ = {
			isa = PBXShellScriptBuildPhase;
			buildActionMask = 2147483647;
			files = (
			);
			inputPaths = (
			);
			name = "Check Pods Manifest.lock";
			outputPaths = (
			);
			runOnlyForDeploymentPostprocessing = 0;
			shellPath = /bin/sh;
			shellScript = "diff \"${PODS_ROOT}/../Podfile.lock\" \"${PODS_ROOT}/Manifest.lock\" > /dev/null\nif [[ $? != 0 ]] ; then\n    cat << EOM\nerror: The sandbox is not in sync with the Podfile.lock. Run 'pod install' or update your CocoaPods installation.\nEOM\n    exit 1\nfi\n";
			showEnvVarsInLog = 0;
		};
		8CE68A726FC7C96A975CA402 /* Copy Pods Resources */ = {
			isa = PBXShellScriptBuildPhase;
			buildActionMask = 2147483647;
			files = (
			);
			inputPaths = (
			);
			name = "Copy Pods Resources";
			outputPaths = (
			);
			runOnlyForDeploymentPostprocessing = 0;
			shellPath = /bin/sh;
			shellScript = "\"${SRCROOT}/Pods/Target Support Files/Pods-SecretAlbum/Pods-SecretAlbum-resources.sh\"\n";
			showEnvVarsInLog = 0;
		};
/* End PBXShellScriptBuildPhase section */

/* Begin PBXSourcesBuildPhase section */
		D94926EC1BC52A4D00814799 /* Sources */ = {
			isa = PBXSourcesBuildPhase;
			buildActionMask = 2147483647;
			files = (
				D94927111BC52DB000814799 /* Util.swift in Sources */,
				D949271B1BC531EF00814799 /* SettingVC.swift in Sources */,
				D94926F41BC52A4D00814799 /* AppDelegate.swift in Sources */,
				2032CF031BC55BFF00A7B9F8 /* AlbumService.swift in Sources */,
				D94927171BC52F5900814799 /* Photo.swift in Sources */,
				D949270A1BC52C0400814799 /* AlbumListVC.swift in Sources */,
				D94927151BC52EC600814799 /* AlbumDetailCell.swift in Sources */,
				D94927071BC52BD300814799 /* AlbumListCell.swift in Sources */,
				D94927131BC52EA900814799 /* AlbumDetailVC.swift in Sources */,
				D949270E1BC52C9900814799 /* Album.swift in Sources */,
			);
			runOnlyForDeploymentPostprocessing = 0;
		};
/* End PBXSourcesBuildPhase section */

/* Begin PBXVariantGroup section */
		D94926F71BC52A4D00814799 /* Main.storyboard */ = {
			isa = PBXVariantGroup;
			children = (
				D94926F81BC52A4D00814799 /* Base */,
			);
			name = Main.storyboard;
			sourceTree = "<group>";
		};
		D94926FC1BC52A4D00814799 /* LaunchScreen.storyboard */ = {
			isa = PBXVariantGroup;
			children = (
				D94926FD1BC52A4D00814799 /* Base */,
			);
			name = LaunchScreen.storyboard;
			sourceTree = "<group>";
		};
/* End PBXVariantGroup section */

/* Begin XCBuildConfiguration section */
		D94927001BC52A4D00814799 /* Debug */ = {
			isa = XCBuildConfiguration;
			buildSettings = {
				ALWAYS_SEARCH_USER_PATHS = NO;
				CLANG_CXX_LANGUAGE_STANDARD = "gnu++0x";
				CLANG_CXX_LIBRARY = "libc++";
				CLANG_ENABLE_MODULES = YES;
				CLANG_ENABLE_OBJC_ARC = YES;
				CLANG_WARN_BOOL_CONVERSION = YES;
				CLANG_WARN_CONSTANT_CONVERSION = YES;
				CLANG_WARN_DIRECT_OBJC_ISA_USAGE = YES_ERROR;
				CLANG_WARN_EMPTY_BODY = YES;
				CLANG_WARN_ENUM_CONVERSION = YES;
				CLANG_WARN_INT_CONVERSION = YES;
				CLANG_WARN_OBJC_ROOT_CLASS = YES_ERROR;
				CLANG_WARN_UNREACHABLE_CODE = YES;
				CLANG_WARN__DUPLICATE_METHOD_MATCH = YES;
				"CODE_SIGN_IDENTITY[sdk=iphoneos*]" = "iPhone Developer";
				COPY_PHASE_STRIP = NO;
				DEBUG_INFORMATION_FORMAT = dwarf;
				ENABLE_STRICT_OBJC_MSGSEND = YES;
				ENABLE_TESTABILITY = YES;
				GCC_C_LANGUAGE_STANDARD = gnu99;
				GCC_DYNAMIC_NO_PIC = NO;
				GCC_NO_COMMON_BLOCKS = YES;
				GCC_OPTIMIZATION_LEVEL = 0;
				GCC_PREPROCESSOR_DEFINITIONS = (
					"DEBUG=1",
					"$(inherited)",
				);
				GCC_WARN_64_TO_32_BIT_CONVERSION = YES;
				GCC_WARN_ABOUT_RETURN_TYPE = YES_ERROR;
				GCC_WARN_UNDECLARED_SELECTOR = YES;
				GCC_WARN_UNINITIALIZED_AUTOS = YES_AGGRESSIVE;
				GCC_WARN_UNUSED_FUNCTION = YES;
				GCC_WARN_UNUSED_VARIABLE = YES;
				IPHONEOS_DEPLOYMENT_TARGET = 9.0;
				MTL_ENABLE_DEBUG_INFO = YES;
				ONLY_ACTIVE_ARCH = YES;
				SDKROOT = iphoneos;
				SWIFT_OPTIMIZATION_LEVEL = "-Onone";
			};
			name = Debug;
		};
		D94927011BC52A4D00814799 /* Release */ = {
			isa = XCBuildConfiguration;
			buildSettings = {
				ALWAYS_SEARCH_USER_PATHS = NO;
				CLANG_CXX_LANGUAGE_STANDARD = "gnu++0x";
				CLANG_CXX_LIBRARY = "libc++";
				CLANG_ENABLE_MODULES = YES;
				CLANG_ENABLE_OBJC_ARC = YES;
				CLANG_WARN_BOOL_CONVERSION = YES;
				CLANG_WARN_CONSTANT_CONVERSION = YES;
				CLANG_WARN_DIRECT_OBJC_ISA_USAGE = YES_ERROR;
				CLANG_WARN_EMPTY_BODY = YES;
				CLANG_WARN_ENUM_CONVERSION = YES;
				CLANG_WARN_INT_CONVERSION = YES;
				CLANG_WARN_OBJC_ROOT_CLASS = YES_ERROR;
				CLANG_WARN_UNREACHABLE_CODE = YES;
				CLANG_WARN__DUPLICATE_METHOD_MATCH = YES;
				"CODE_SIGN_IDENTITY[sdk=iphoneos*]" = "iPhone Developer";
				COPY_PHASE_STRIP = NO;
				DEBUG_INFORMATION_FORMAT = "dwarf-with-dsym";
				ENABLE_NS_ASSERTIONS = NO;
				ENABLE_STRICT_OBJC_MSGSEND = YES;
				GCC_C_LANGUAGE_STANDARD = gnu99;
				GCC_NO_COMMON_BLOCKS = YES;
				GCC_WARN_64_TO_32_BIT_CONVERSION = YES;
				GCC_WARN_ABOUT_RETURN_TYPE = YES_ERROR;
				GCC_WARN_UNDECLARED_SELECTOR = YES;
				GCC_WARN_UNINITIALIZED_AUTOS = YES_AGGRESSIVE;
				GCC_WARN_UNUSED_FUNCTION = YES;
				GCC_WARN_UNUSED_VARIABLE = YES;
				IPHONEOS_DEPLOYMENT_TARGET = 9.0;
				MTL_ENABLE_DEBUG_INFO = NO;
				SDKROOT = iphoneos;
				VALIDATE_PRODUCT = YES;
			};
			name = Release;
		};
		D94927031BC52A4D00814799 /* Debug */ = {
			isa = XCBuildConfiguration;
			baseConfigurationReference = 75CA7A82C0E0B9CCDA55A0C8 /* Pods-SecretAlbum.debug.xcconfig */;
			buildSettings = {
				ASSETCATALOG_COMPILER_APPICON_NAME = AppIcon;
				CLANG_ENABLE_MODULES = YES;
				INFOPLIST_FILE = SecretAlbum/Info.plist;
				LD_RUNPATH_SEARCH_PATHS = "$(inherited) @executable_path/Frameworks";
				PRODUCT_BUNDLE_IDENTIFIER = in.mashroom.SecretAlbum;
				PRODUCT_NAME = "$(TARGET_NAME)";
				SWIFT_OBJC_BRIDGING_HEADER = "SecretAlbum/SecretAlbum-Bridging-Header.h";
				SWIFT_OPTIMIZATION_LEVEL = "-Onone";
			};
			name = Debug;
		};
		D94927041BC52A4D00814799 /* Release */ = {
			isa = XCBuildConfiguration;
			baseConfigurationReference = 11B4F64C0D4A5B47EC2F9423 /* Pods-SecretAlbum.release.xcconfig */;
			buildSettings = {
				ASSETCATALOG_COMPILER_APPICON_NAME = AppIcon;
				CLANG_ENABLE_MODULES = YES;
				INFOPLIST_FILE = SecretAlbum/Info.plist;
				LD_RUNPATH_SEARCH_PATHS = "$(inherited) @executable_path/Frameworks";
				PRODUCT_BUNDLE_IDENTIFIER = in.mashroom.SecretAlbum;
				PRODUCT_NAME = "$(TARGET_NAME)";
				SWIFT_OBJC_BRIDGING_HEADER = "SecretAlbum/SecretAlbum-Bridging-Header.h";
			};
			name = Release;
		};
/* End XCBuildConfiguration section */

/* Begin XCConfigurationList section */
		D94926EB1BC52A4D00814799 /* Build configuration list for PBXProject "SecretAlbum" */ = {
			isa = XCConfigurationList;
			buildConfigurations = (
				D94927001BC52A4D00814799 /* Debug */,
				D94927011BC52A4D00814799 /* Release */,
			);
			defaultConfigurationIsVisible = 0;
			defaultConfigurationName = Release;
		};
		D94927021BC52A4D00814799 /* Build configuration list for PBXNativeTarget "SecretAlbum" */ = {
			isa = XCConfigurationList;
			buildConfigurations = (
				D94927031BC52A4D00814799 /* Debug */,
				D94927041BC52A4D00814799 /* Release */,
			);
			defaultConfigurationIsVisible = 0;
			defaultConfigurationName = Release;
		};
/* End XCConfigurationList section */
	};
	rootObject = D94926E81BC52A4D00814799 /* Project object */;
}
